// !$*UTF8*$!
{
	archiveVersion = 1;
	classes = {
	};
	objectVersion = 48;
	objects = {

/* Begin PBXBuildFile section */
		F2250F5F20262DDE004DE197 /* AppDelegate.swift in Sources */ = {isa = PBXBuildFile; fileRef = F2250F5E20262DDE004DE197 /* AppDelegate.swift */; };
		F2250F6120262DDE004DE197 /* ViewController.swift in Sources */ = {isa = PBXBuildFile; fileRef = F2250F6020262DDE004DE197 /* ViewController.swift */; };
		F2250F6420262DDE004DE197 /* Main.storyboard in Resources */ = {isa = PBXBuildFile; fileRef = F2250F6220262DDE004DE197 /* Main.storyboard */; };
		F2250F6620262DDE004DE197 /* Assets.xcassets in Resources */ = {isa = PBXBuildFile; fileRef = F2250F6520262DDE004DE197 /* Assets.xcassets */; };
		F2250F6920262DDE004DE197 /* LaunchScreen.storyboard in Resources */ = {isa = PBXBuildFile; fileRef = F2250F6720262DDE004DE197 /* LaunchScreen.storyboard */; };
		F2250F7420262DDE004DE197 /* UserFlowTests.swift in Sources */ = {isa = PBXBuildFile; fileRef = F2250F7320262DDE004DE197 /* UserFlowTests.swift */; };
		F2250F7F20262DDE004DE197 /* UserFlowUITests.swift in Sources */ = {isa = PBXBuildFile; fileRef = F2250F7E20262DDE004DE197 /* UserFlowUITests.swift */; };
/* End PBXBuildFile section */

/* Begin PBXContainerItemProxy section */
		F2250F7020262DDE004DE197 /* PBXContainerItemProxy */ = {
			isa = PBXContainerItemProxy;
			containerPortal = F2250F5320262DDE004DE197 /* Project object */;
			proxyType = 1;
			remoteGlobalIDString = F2250F5A20262DDE004DE197;
			remoteInfo = UserFlow;
		};
		F2250F7B20262DDE004DE197 /* PBXContainerItemProxy */ = {
			isa = PBXContainerItemProxy;
			containerPortal = F2250F5320262DDE004DE197 /* Project object */;
			proxyType = 1;
			remoteGlobalIDString = F2250F5A20262DDE004DE197;
			remoteInfo = UserFlow;
		};
/* End PBXContainerItemProxy section */

/* Begin PBXFileReference section */
		F2250F5B20262DDE004DE197 /* UserFlow.app */ = {isa = PBXFileReference; explicitFileType = wrapper.application; includeInIndex = 0; path = UserFlow.app; sourceTree = BUILT_PRODUCTS_DIR; };
		F2250F5E20262DDE004DE197 /* AppDelegate.swift */ = {isa = PBXFileReference; lastKnownFileType = sourcecode.swift; path = AppDelegate.swift; sourceTree = "<group>"; };
		F2250F6020262DDE004DE197 /* ViewController.swift */ = {isa = PBXFileReference; lastKnownFileType = sourcecode.swift; path = ViewController.swift; sourceTree = "<group>"; };
		F2250F6320262DDE004DE197 /* Base */ = {isa = PBXFileReference; lastKnownFileType = file.storyboard; name = Base; path = Base.lproj/Main.storyboard; sourceTree = "<group>"; };
		F2250F6520262DDE004DE197 /* Assets.xcassets */ = {isa = PBXFileReference; lastKnownFileType = folder.assetcatalog; path = Assets.xcassets; sourceTree = "<group>"; };
		F2250F6820262DDE004DE197 /* Base */ = {isa = PBXFileReference; lastKnownFileType = file.storyboard; name = Base; path = Base.lproj/LaunchScreen.storyboard; sourceTree = "<group>"; };
		F2250F6A20262DDE004DE197 /* Info.plist */ = {isa = PBXFileReference; lastKnownFileType = text.plist.xml; path = Info.plist; sourceTree = "<group>"; };
		F2250F6F20262DDE004DE197 /* UserFlowTests.xctest */ = {isa = PBXFileReference; explicitFileType = wrapper.cfbundle; includeInIndex = 0; path = UserFlowTests.xctest; sourceTree = BUILT_PRODUCTS_DIR; };
		F2250F7320262DDE004DE197 /* UserFlowTests.swift */ = {isa = PBXFileReference; lastKnownFileType = sourcecode.swift; path = UserFlowTests.swift; sourceTree = "<group>"; };
		F2250F7520262DDE004DE197 /* Info.plist */ = {isa = PBXFileReference; lastKnownFileType = text.plist.xml; path = Info.plist; sourceTree = "<group>"; };
		F2250F7A20262DDE004DE197 /* UserFlowUITests.xctest */ = {isa = PBXFileReference; explicitFileType = wrapper.cfbundle; includeInIndex = 0; path = UserFlowUITests.xctest; sourceTree = BUILT_PRODUCTS_DIR; };
		F2250F7E20262DDE004DE197 /* UserFlowUITests.swift */ = {isa = PBXFileReference; lastKnownFileType = sourcecode.swift; path = UserFlowUITests.swift; sourceTree = "<group>"; };
		F2250F8020262DDE004DE197 /* Info.plist */ = {isa = PBXFileReference; lastKnownFileType = text.plist.xml; path = Info.plist; sourceTree = "<group>"; };
/* End PBXFileReference section */

/* Begin PBXFrameworksBuildPhase section */
		F2250F5820262DDE004DE197 /* Frameworks */ = {
			isa = PBXFrameworksBuildPhase;
			buildActionMask = 2147483647;
			files = (
			);
			runOnlyForDeploymentPostprocessing = 0;
		};
		F2250F6C20262DDE004DE197 /* Frameworks */ = {
			isa = PBXFrameworksBuildPhase;
			buildActionMask = 2147483647;
			files = (
			);
			runOnlyForDeploymentPostprocessing = 0;
		};
		F2250F7720262DDE004DE197 /* Frameworks */ = {
			isa = PBXFrameworksBuildPhase;
			buildActionMask = 2147483647;
			files = (
			);
			runOnlyForDeploymentPostprocessing = 0;
		};
/* End PBXFrameworksBuildPhase section */

/* Begin PBXGroup section */
		F2250F5220262DDE004DE197 = {
			isa = PBXGroup;
			children = (
				F2250F5D20262DDE004DE197 /* UserFlow */,
				F2250F7220262DDE004DE197 /* UserFlowTests */,
				F2250F7D20262DDE004DE197 /* UserFlowUITests */,
				F2250F5C20262DDE004DE197 /* Products */,
			);
			sourceTree = "<group>";
		};
		F2250F5C20262DDE004DE197 /* Products */ = {
			isa = PBXGroup;
			children = (
				F2250F5B20262DDE004DE197 /* UserFlow.app */,
				F2250F6F20262DDE004DE197 /* UserFlowTests.xctest */,
				F2250F7A20262DDE004DE197 /* UserFlowUITests.xctest */,
			);
			name = Products;
			sourceTree = "<group>";
		};
		F2250F5D20262DDE004DE197 /* UserFlow */ = {
			isa = PBXGroup;
			children = (
				F2250F5E20262DDE004DE197 /* AppDelegate.swift */,
				F2250F6020262DDE004DE197 /* ViewController.swift */,
				F2250F6220262DDE004DE197 /* Main.storyboard */,
				F2250F6520262DDE004DE197 /* Assets.xcassets */,
				F2250F6720262DDE004DE197 /* LaunchScreen.storyboard */,
				F2250F6A20262DDE004DE197 /* Info.plist */,
			);
			path = UserFlow;
			sourceTree = "<group>";
		};
		F2250F7220262DDE004DE197 /* UserFlowTests */ = {
			isa = PBXGroup;
			children = (
				F2250F7320262DDE004DE197 /* UserFlowTests.swift */,
				F2250F7520262DDE004DE197 /* Info.plist */,
			);
			path = UserFlowTests;
			sourceTree = "<group>";
		};
		F2250F7D20262DDE004DE197 /* UserFlowUITests */ = {
			isa = PBXGroup;
			children = (
				F2250F7E20262DDE004DE197 /* UserFlowUITests.swift */,
				F2250F8020262DDE004DE197 /* Info.plist */,
			);
			path = UserFlowUITests;
			sourceTree = "<group>";
		};
/* End PBXGroup section */

/* Begin PBXNativeTarget section */
		F2250F5A20262DDE004DE197 /* UserFlow */ = {
			isa = PBXNativeTarget;
			buildConfigurationList = F2250F8320262DDE004DE197 /* Build configuration list for PBXNativeTarget "UserFlow" */;
			buildPhases = (
				F2250F5720262DDE004DE197 /* Sources */,
				F2250F5820262DDE004DE197 /* Frameworks */,
				F2250F5920262DDE004DE197 /* Resources */,
			);
			buildRules = (
			);
			dependencies = (
			);
			name = UserFlow;
			productName = UserFlow;
			productReference = F2250F5B20262DDE004DE197 /* UserFlow.app */;
			productType = "com.apple.product-type.application";
		};
		F2250F6E20262DDE004DE197 /* UserFlowTests */ = {
			isa = PBXNativeTarget;
			buildConfigurationList = F2250F8620262DDE004DE197 /* Build configuration list for PBXNativeTarget "UserFlowTests" */;
			buildPhases = (
				F2250F6B20262DDE004DE197 /* Sources */,
				F2250F6C20262DDE004DE197 /* Frameworks */,
				F2250F6D20262DDE004DE197 /* Resources */,
			);
			buildRules = (
			);
			dependencies = (
				F2250F7120262DDE004DE197 /* PBXTargetDependency */,
			);
			name = UserFlowTests;
			productName = UserFlowTests;
			productReference = F2250F6F20262DDE004DE197 /* UserFlowTests.xctest */;
			productType = "com.apple.product-type.bundle.unit-test";
		};
		F2250F7920262DDE004DE197 /* UserFlowUITests */ = {
			isa = PBXNativeTarget;
			buildConfigurationList = F2250F8920262DDE004DE197 /* Build configuration list for PBXNativeTarget "UserFlowUITests" */;
			buildPhases = (
				F2250F7620262DDE004DE197 /* Sources */,
				F2250F7720262DDE004DE197 /* Frameworks */,
				F2250F7820262DDE004DE197 /* Resources */,
			);
			buildRules = (
			);
			dependencies = (
				F2250F7C20262DDE004DE197 /* PBXTargetDependency */,
			);
			name = UserFlowUITests;
			productName = UserFlowUITests;
			productReference = F2250F7A20262DDE004DE197 /* UserFlowUITests.xctest */;
			productType = "com.apple.product-type.bundle.ui-testing";
		};
/* End PBXNativeTarget section */

/* Begin PBXProject section */
		F2250F5320262DDE004DE197 /* Project object */ = {
			isa = PBXProject;
			attributes = {
				LastSwiftUpdateCheck = 0920;
				LastUpgradeCheck = 0920;
				ORGANIZATIONNAME = "Callum Henshall";
				TargetAttributes = {
					F2250F5A20262DDE004DE197 = {
						CreatedOnToolsVersion = 9.2;
						ProvisioningStyle = Automatic;
					};
					F2250F6E20262DDE004DE197 = {
						CreatedOnToolsVersion = 9.2;
						ProvisioningStyle = Automatic;
						TestTargetID = F2250F5A20262DDE004DE197;
					};
					F2250F7920262DDE004DE197 = {
						CreatedOnToolsVersion = 9.2;
						ProvisioningStyle = Automatic;
						TestTargetID = F2250F5A20262DDE004DE197;
					};
				};
			};
			buildConfigurationList = F2250F5620262DDE004DE197 /* Build configuration list for PBXProject "UserFlow" */;
			compatibilityVersion = "Xcode 8.0";
			developmentRegion = en;
			hasScannedForEncodings = 0;
			knownRegions = (
				en,
				Base,
			);
			mainGroup = F2250F5220262DDE004DE197;
			productRefGroup = F2250F5C20262DDE004DE197 /* Products */;
			projectDirPath = "";
			projectRoot = "";
			targets = (
				F2250F5A20262DDE004DE197 /* UserFlow */,
				F2250F6E20262DDE004DE197 /* UserFlowTests */,
				F2250F7920262DDE004DE197 /* UserFlowUITests */,
			);
		};
/* End PBXProject section */

/* Begin PBXResourcesBuildPhase section */
		F2250F5920262DDE004DE197 /* Resources */ = {
			isa = PBXResourcesBuildPhase;
			buildActionMask = 2147483647;
			files = (
				F2250F6920262DDE004DE197 /* LaunchScreen.storyboard in Resources */,
				F2250F6620262DDE004DE197 /* Assets.xcassets in Resources */,
				F2250F6420262DDE004DE197 /* Main.storyboard in Resources */,
			);
			runOnlyForDeploymentPostprocessing = 0;
		};
		F2250F6D20262DDE004DE197 /* Resources */ = {
			isa = PBXResourcesBuildPhase;
			buildActionMask = 2147483647;
			files = (
			);
			runOnlyForDeploymentPostprocessing = 0;
		};
		F2250F7820262DDE004DE197 /* Resources */ = {
			isa = PBXResourcesBuildPhase;
			buildActionMask = 2147483647;
			files = (
			);
			runOnlyForDeploymentPostprocessing = 0;
		};
/* End PBXResourcesBuildPhase section */

/* Begin PBXSourcesBuildPhase section */
		F2250F5720262DDE004DE197 /* Sources */ = {
			isa = PBXSourcesBuildPhase;
			buildActionMask = 2147483647;
			files = (
				F2250F6120262DDE004DE197 /* ViewController.swift in Sources */,
				F2250F5F20262DDE004DE197 /* AppDelegate.swift in Sources */,
			);
			runOnlyForDeploymentPostprocessing = 0;
		};
		F2250F6B20262DDE004DE197 /* Sources */ = {
			isa = PBXSourcesBuildPhase;
			buildActionMask = 2147483647;
			files = (
				F2250F7420262DDE004DE197 /* UserFlowTests.swift in Sources */,
			);
			runOnlyForDeploymentPostprocessing = 0;
		};
		F2250F7620262DDE004DE197 /* Sources */ = {
			isa = PBXSourcesBuildPhase;
			buildActionMask = 2147483647;
			files = (
				F2250F7F20262DDE004DE197 /* UserFlowUITests.swift in Sources */,
			);
			runOnlyForDeploymentPostprocessing = 0;
		};
/* End PBXSourcesBuildPhase section */

/* Begin PBXTargetDependency section */
		F2250F7120262DDE004DE197 /* PBXTargetDependency */ = {
			isa = PBXTargetDependency;
			target = F2250F5A20262DDE004DE197 /* UserFlow */;
			targetProxy = F2250F7020262DDE004DE197 /* PBXContainerItemProxy */;
		};
		F2250F7C20262DDE004DE197 /* PBXTargetDependency */ = {
			isa = PBXTargetDependency;
			target = F2250F5A20262DDE004DE197 /* UserFlow */;
			targetProxy = F2250F7B20262DDE004DE197 /* PBXContainerItemProxy */;
		};
/* End PBXTargetDependency section */

/* Begin PBXVariantGroup section */
		F2250F6220262DDE004DE197 /* Main.storyboard */ = {
			isa = PBXVariantGroup;
			children = (
				F2250F6320262DDE004DE197 /* Base */,
			);
			name = Main.storyboard;
			sourceTree = "<group>";
		};
		F2250F6720262DDE004DE197 /* LaunchScreen.storyboard */ = {
			isa = PBXVariantGroup;
			children = (
				F2250F6820262DDE004DE197 /* Base */,
			);
			name = LaunchScreen.storyboard;
			sourceTree = "<group>";
		};
/* End PBXVariantGroup section */

/* Begin XCBuildConfiguration section */
		F2250F8120262DDE004DE197 /* Debug */ = {
			isa = XCBuildConfiguration;
			buildSettings = {
				ALWAYS_SEARCH_USER_PATHS = NO;
				CLANG_ANALYZER_NONNULL = YES;
				CLANG_ANALYZER_NUMBER_OBJECT_CONVERSION = YES_AGGRESSIVE;
				CLANG_CXX_LANGUAGE_STANDARD = "gnu++14";
				CLANG_CXX_LIBRARY = "libc++";
				CLANG_ENABLE_MODULES = YES;
				CLANG_ENABLE_OBJC_ARC = YES;
				CLANG_WARN_BLOCK_CAPTURE_AUTORELEASING = YES;
				CLANG_WARN_BOOL_CONVERSION = YES;
				CLANG_WARN_COMMA = YES;
				CLANG_WARN_CONSTANT_CONVERSION = YES;
				CLANG_WARN_DIRECT_OBJC_ISA_USAGE = YES_ERROR;
				CLANG_WARN_DOCUMENTATION_COMMENTS = YES;
				CLANG_WARN_EMPTY_BODY = YES;
				CLANG_WARN_ENUM_CONVERSION = YES;
				CLANG_WARN_INFINITE_RECURSION = YES;
				CLANG_WARN_INT_CONVERSION = YES;
				CLANG_WARN_NON_LITERAL_NULL_CONVERSION = YES;
				CLANG_WARN_OBJC_LITERAL_CONVERSION = YES;
				CLANG_WARN_OBJC_ROOT_CLASS = YES_ERROR;
				CLANG_WARN_RANGE_LOOP_ANALYSIS = YES;
				CLANG_WARN_STRICT_PROTOTYPES = YES;
				CLANG_WARN_SUSPICIOUS_MOVE = YES;
				CLANG_WARN_UNGUARDED_AVAILABILITY = YES_AGGRESSIVE;
				CLANG_WARN_UNREACHABLE_CODE = YES;
				CLANG_WARN__DUPLICATE_METHOD_MATCH = YES;
				CODE_SIGN_IDENTITY = "iPhone Developer";
				COPY_PHASE_STRIP = NO;
				DEBUG_INFORMATION_FORMAT = dwarf;
				ENABLE_STRICT_OBJC_MSGSEND = YES;
				ENABLE_TESTABILITY = YES;
				GCC_C_LANGUAGE_STANDARD = gnu11;
				GCC_DYNAMIC_NO_PIC = NO;
				GCC_NO_COMMON_BLOCKS = YES;
				GCC_OPTIMIZATION_LEVEL = 0;
				GCC_PREPROCESSOR_DEFINITIONS = (
					"DEBUG=1",
					"$(inherited)",
				);
				GCC_WARN_64_TO_32_BIT_CONVERSION = YES;
				GCC_WARN_ABOUT_RETURN_TYPE = YES_ERROR;
				GCC_WARN_UNDECLARED_SELECTOR = YES;
				GCC_WARN_UNINITIALIZED_AUTOS = YES_AGGRESSIVE;
				GCC_WARN_UNUSED_FUNCTION = YES;
				GCC_WARN_UNUSED_VARIABLE = YES;
				IPHONEOS_DEPLOYMENT_TARGET = 11.2;
				MTL_ENABLE_DEBUG_INFO = YES;
				ONLY_ACTIVE_ARCH = YES;
				SDKROOT = iphoneos;
				SWIFT_ACTIVE_COMPILATION_CONDITIONS = DEBUG;
				SWIFT_OPTIMIZATION_LEVEL = "-Onone";
			};
			name = Debug;
		};
		F2250F8220262DDE004DE197 /* Release */ = {
			isa = XCBuildConfiguration;
			buildSettings = {
				ALWAYS_SEARCH_USER_PATHS = NO;
				CLANG_ANALYZER_NONNULL = YES;
				CLANG_ANALYZER_NUMBER_OBJECT_CONVERSION = YES_AGGRESSIVE;
				CLANG_CXX_LANGUAGE_STANDARD = "gnu++14";
				CLANG_CXX_LIBRARY = "libc++";
				CLANG_ENABLE_MODULES = YES;
				CLANG_ENABLE_OBJC_ARC = YES;
				CLANG_WARN_BLOCK_CAPTURE_AUTORELEASING = YES;
				CLANG_WARN_BOOL_CONVERSION = YES;
				CLANG_WARN_COMMA = YES;
				CLANG_WARN_CONSTANT_CONVERSION = YES;
				CLANG_WARN_DIRECT_OBJC_ISA_USAGE = YES_ERROR;
				CLANG_WARN_DOCUMENTATION_COMMENTS = YES;
				CLANG_WARN_EMPTY_BODY = YES;
				CLANG_WARN_ENUM_CONVERSION = YES;
				CLANG_WARN_INFINITE_RECURSION = YES;
				CLANG_WARN_INT_CONVERSION = YES;
				CLANG_WARN_NON_LITERAL_NULL_CONVERSION = YES;
				CLANG_WARN_OBJC_LITERAL_CONVERSION = YES;
				CLANG_WARN_OBJC_ROOT_CLASS = YES_ERROR;
				CLANG_WARN_RANGE_LOOP_ANALYSIS = YES;
				CLANG_WARN_STRICT_PROTOTYPES = YES;
				CLANG_WARN_SUSPICIOUS_MOVE = YES;
				CLANG_WARN_UNGUARDED_AVAILABILITY = YES_AGGRESSIVE;
				CLANG_WARN_UNREACHABLE_CODE = YES;
				CLANG_WARN__DUPLICATE_METHOD_MATCH = YES;
				CODE_SIGN_IDENTITY = "iPhone Developer";
				COPY_PHASE_STRIP = NO;
				DEBUG_INFORMATION_FORMAT = "dwarf-with-dsym";
				ENABLE_NS_ASSERTIONS = NO;
				ENABLE_STRICT_OBJC_MSGSEND = YES;
				GCC_C_LANGUAGE_STANDARD = gnu11;
				GCC_NO_COMMON_BLOCKS = YES;
				GCC_WARN_64_TO_32_BIT_CONVERSION = YES;
				GCC_WARN_ABOUT_RETURN_TYPE = YES_ERROR;
				GCC_WARN_UNDECLARED_SELECTOR = YES;
				GCC_WARN_UNINITIALIZED_AUTOS = YES_AGGRESSIVE;
				GCC_WARN_UNUSED_FUNCTION = YES;
				GCC_WARN_UNUSED_VARIABLE = YES;
				IPHONEOS_DEPLOYMENT_TARGET = 11.2;
				MTL_ENABLE_DEBUG_INFO = NO;
				SDKROOT = iphoneos;
				SWIFT_OPTIMIZATION_LEVEL = "-Owholemodule";
				VALIDATE_PRODUCT = YES;
			};
			name = Release;
		};
		F2250F8420262DDE004DE197 /* Debug */ = {
			isa = XCBuildConfiguration;
			buildSettings = {
				ASSETCATALOG_COMPILER_APPICON_NAME = AppIcon;
				CODE_SIGN_STYLE = Automatic;
				DEVELOPMENT_TEAM = YZBJ9D96FR;
				INFOPLIST_FILE = UserFlow/Info.plist;
				LD_RUNPATH_SEARCH_PATHS = "$(inherited) @executable_path/Frameworks";
				PRODUCT_BUNDLE_IDENTIFIER = com.callumoz.UserFlow;
				PRODUCT_NAME = "$(TARGET_NAME)";
				SWIFT_VERSION = 4.0;
				TARGETED_DEVICE_FAMILY = "1,2";
			};
			name = Debug;
		};
		F2250F8520262DDE004DE197 /* Release */ = {
			isa = XCBuildConfiguration;
			buildSettings = {
				ASSETCATALOG_COMPILER_APPICON_NAME = AppIcon;
				CODE_SIGN_STYLE = Automatic;
				DEVELOPMENT_TEAM = YZBJ9D96FR;
				INFOPLIST_FILE = UserFlow/Info.plist;
				LD_RUNPATH_SEARCH_PATHS = "$(inherited) @executable_path/Frameworks";
				PRODUCT_BUNDLE_IDENTIFIER = com.callumoz.UserFlow;
				PRODUCT_NAME = "$(TARGET_NAME)";
				SWIFT_VERSION = 4.0;
				TARGETED_DEVICE_FAMILY = "1,2";
			};
			name = Release;
		};
		F2250F8720262DDE004DE197 /* Debug */ = {
			isa = XCBuildConfiguration;
			buildSettings = {
				ALWAYS_EMBED_SWIFT_STANDARD_LIBRARIES = YES;
				BUNDLE_LOADER = "$(TEST_HOST)";
				CODE_SIGN_STYLE = Automatic;
				DEVELOPMENT_TEAM = YZBJ9D96FR;
				INFOPLIST_FILE = UserFlowTests/Info.plist;
				LD_RUNPATH_SEARCH_PATHS = "$(inherited) @executable_path/Frameworks @loader_path/Frameworks";
				PRODUCT_BUNDLE_IDENTIFIER = com.callumoz.UserFlowTests;
				PRODUCT_NAME = "$(TARGET_NAME)";
				SWIFT_VERSION = 4.0;
				TARGETED_DEVICE_FAMILY = "1,2";
				TEST_HOST = "$(BUILT_PRODUCTS_DIR)/UserFlow.app/UserFlow";
			};
			name = Debug;
		};
		F2250F8820262DDE004DE197 /* Release */ = {
			isa = XCBuildConfiguration;
			buildSettings = {
				ALWAYS_EMBED_SWIFT_STANDARD_LIBRARIES = YES;
				BUNDLE_LOADER = "$(TEST_HOST)";
				CODE_SIGN_STYLE = Automatic;
				DEVELOPMENT_TEAM = YZBJ9D96FR;
				INFOPLIST_FILE = UserFlowTests/Info.plist;
				LD_RUNPATH_SEARCH_PATHS = "$(inherited) @executable_path/Frameworks @loader_path/Frameworks";
				PRODUCT_BUNDLE_IDENTIFIER = com.callumoz.UserFlowTests;
				PRODUCT_NAME = "$(TARGET_NAME)";
				SWIFT_VERSION = 4.0;
				TARGETED_DEVICE_FAMILY = "1,2";
				TEST_HOST = "$(BUILT_PRODUCTS_DIR)/UserFlow.app/UserFlow";
			};
			name = Release;
		};
		F2250F8A20262DDE004DE197 /* Debug */ = {
			isa = XCBuildConfiguration;
			buildSettings = {
				ALWAYS_EMBED_SWIFT_STANDARD_LIBRARIES = YES;
				CODE_SIGN_STYLE = Automatic;
				DEVELOPMENT_TEAM = YZBJ9D96FR;
				INFOPLIST_FILE = UserFlowUITests/Info.plist;
				LD_RUNPATH_SEARCH_PATHS = "$(inherited) @executable_path/Frameworks @loader_path/Frameworks";
				PRODUCT_BUNDLE_IDENTIFIER = com.callumoz.UserFlowUITests;
				PRODUCT_NAME = "$(TARGET_NAME)";
				SWIFT_VERSION = 4.0;
				TARGETED_DEVICE_FAMILY = "1,2";
				TEST_TARGET_NAME = UserFlow;
			};
			name = Debug;
		};
		F2250F8B20262DDE004DE197 /* Release */ = {
			isa = XCBuildConfiguration;
			buildSettings = {
				ALWAYS_EMBED_SWIFT_STANDARD_LIBRARIES = YES;
				CODE_SIGN_STYLE = Automatic;
				DEVELOPMENT_TEAM = YZBJ9D96FR;
				INFOPLIST_FILE = UserFlowUITests/Info.plist;
				LD_RUNPATH_SEARCH_PATHS = "$(inherited) @executable_path/Frameworks @loader_path/Frameworks";
				PRODUCT_BUNDLE_IDENTIFIER = com.callumoz.UserFlowUITests;
				PRODUCT_NAME = "$(TARGET_NAME)";
				SWIFT_VERSION = 4.0;
				TARGETED_DEVICE_FAMILY = "1,2";
				TEST_TARGET_NAME = UserFlow;
			};
			name = Release;
		};
/* End XCBuildConfiguration section */

/* Begin XCConfigurationList section */
		F2250F5620262DDE004DE197 /* Build configuration list for PBXProject "UserFlow" */ = {
			isa = XCConfigurationList;
			buildConfigurations = (
				F2250F8120262DDE004DE197 /* Debug */,
				F2250F8220262DDE004DE197 /* Release */,
			);
			defaultConfigurationIsVisible = 0;
			defaultConfigurationName = Release;
		};
		F2250F8320262DDE004DE197 /* Build configuration list for PBXNativeTarget "UserFlow" */ = {
			isa = XCConfigurationList;
			buildConfigurations = (
				F2250F8420262DDE004DE197 /* Debug */,
				F2250F8520262DDE004DE197 /* Release */,
			);
			defaultConfigurationIsVisible = 0;
			defaultConfigurationName = Release;
		};
		F2250F8620262DDE004DE197 /* Build configuration list for PBXNativeTarget "UserFlowTests" */ = {
			isa = XCConfigurationList;
			buildConfigurations = (
				F2250F8720262DDE004DE197 /* Debug */,
				F2250F8820262DDE004DE197 /* Release */,
			);
			defaultConfigurationIsVisible = 0;
			defaultConfigurationName = Release;
		};
		F2250F8920262DDE004DE197 /* Build configuration list for PBXNativeTarget "UserFlowUITests" */ = {
			isa = XCConfigurationList;
			buildConfigurations = (
				F2250F8A20262DDE004DE197 /* Debug */,
				F2250F8B20262DDE004DE197 /* Release */,
			);
			defaultConfigurationIsVisible = 0;
			defaultConfigurationName = Release;
		};
/* End XCConfigurationList section */
	};
	rootObject = F2250F5320262DDE004DE197 /* Project object */;
}
